
Microsoft Visual Studio Solution File, Format Version 12.00
# Visual Studio Version 17
VisualStudioVersion = 17.0.31903.59
MinimumVisualStudioVersion = 10.0.40219.1
Project("{2150E333-8FDC-42A3-9474-1A3956D46DE8}") = "src", "src", "{827E0CD3-B72D-47B6-A68D-7590B98EB39B}"
EndProject
Project("{FAE04EC0-301F-11D3-BF4B-00C04F79EFBC}") = "EcommerceApi.Domain", "src\EcommerceApi.Domain\EcommerceApi.Domain.csproj", "{50B49C58-315C-44E9-AED8-8AC447AF268D}"
EndProject
Project("{FAE04EC0-301F-11D3-BF4B-00C04F79EFBC}") = "EcommerceApi.Application", "src\EcommerceApi.Application\EcommerceApi.Application.csproj", "{61A53CA7-B988-4CCC-A51F-0D662126FD84}"
EndProject
Project("{FAE04EC0-301F-11D3-BF4B-00C04F79EFBC}") = "EcommerceApi.Infrastructure", "src\EcommerceApi.Infrastructure\EcommerceApi.Infrastructure.csproj", "{C8179789-36CF-477B-860B-43199EB7091B}"
EndProject
Project("{FAE04EC0-301F-11D3-BF4B-00C04F79EFBC}") = "EcommerceApi.Api", "src\EcommerceApi.Api\EcommerceApi.Api.csproj", "{113BB6FC-DCEA-44CB-8282-1827C9250633}"
EndProject
Project("{2150E333-8FDC-42A3-9474-1A3956D46DE8}") = "tests", "tests", "{0AB3BF05-4346-4AA6-1389-037BE0695223}"
EndProject
Project("{FAE04EC0-301F-11D3-BF4B-00C04F79EFBC}") = "EcommerceApi.Tests", "tests\EcommerceApi.Tests\EcommerceApi.Tests.csproj", "{E852EA3B-C8D5-4856-9843-C4887AF95433}"
EndProject
Global
	GlobalSection(SolutionConfigurationPlatforms) = preSolution
		Debug|Any CPU = Debug|Any CPU
		Debug|x64 = Debug|x64
		Debug|x86 = Debug|x86
		Release|Any CPU = Release|Any CPU
		Release|x64 = Release|x64
		Release|x86 = Release|x86
	EndGlobalSection
	GlobalSection(ProjectConfigurationPlatforms) = postSolution
		{50B49C58-315C-44E9-AED8-8AC447AF268D}.Debug|Any CPU.ActiveCfg = Debug|Any CPU
		{50B49C58-315C-44E9-AED8-8AC447AF268D}.Debug|Any CPU.Build.0 = Debug|Any CPU
		{50B49C58-315C-44E9-AED8-8AC447AF268D}.Debug|x64.ActiveCfg = Debug|Any CPU
		{50B49C58-315C-44E9-AED8-8AC447AF268D}.Debug|x64.Build.0 = Debug|Any CPU
		{50B49C58-315C-44E9-AED8-8AC447AF268D}.Debug|x86.ActiveCfg = Debug|Any CPU
		{50B49C58-315C-44E9-AED8-8AC447AF268D}.Debug|x86.Build.0 = Debug|Any CPU
		{50B49C58-315C-44E9-AED8-8AC447AF268D}.Release|Any CPU.ActiveCfg = Release|Any CPU
		{50B49C58-315C-44E9-AED8-8AC447AF268D}.Release|Any CPU.Build.0 = Release|Any CPU
		{50B49C58-315C-44E9-AED8-8AC447AF268D}.Release|x64.ActiveCfg = Release|Any CPU
		{50B49C58-315C-44E9-AED8-8AC447AF268D}.Release|x64.Build.0 = Release|Any CPU
		{50B49C58-315C-44E9-AED8-8AC447AF268D}.Release|x86.ActiveCfg = Release|Any CPU
		{50B49C58-315C-44E9-AED8-8AC447AF268D}.Release|x86.Build.0 = Release|Any CPU
		{61A53CA7-B988-4CCC-A51F-0D662126FD84}.Debug|Any CPU.ActiveCfg = Debug|Any CPU
		{61A53CA7-B988-4CCC-A51F-0D662126FD84}.Debug|Any CPU.Build.0 = Debug|Any CPU
		{61A53CA7-B988-4CCC-A51F-0D662126FD84}.Debug|x64.ActiveCfg = Debug|Any CPU
		{61A53CA7-B988-4CCC-A51F-0D662126FD84}.Debug|x64.Build.0 = Debug|Any CPU
		{61A53CA7-B988-4CCC-A51F-0D662126FD84}.Debug|x86.ActiveCfg = Debug|Any CPU
		{61A53CA7-B988-4CCC-A51F-0D662126FD84}.Debug|x86.Build.0 = Debug|Any CPU
		{61A53CA7-B988-4CCC-A51F-0D662126FD84}.Release|Any CPU.ActiveCfg = Release|Any CPU
		{61A53CA7-B988-4CCC-A51F-0D662126FD84}.Release|Any CPU.Build.0 = Release|Any CPU
		{61A53CA7-B988-4CCC-A51F-0D662126FD84}.Release|x64.ActiveCfg = Release|Any CPU
		{61A53CA7-B988-4CCC-A51F-0D662126FD84}.Release|x64.Build.0 = Release|Any CPU
		{61A53CA7-B988-4CCC-A51F-0D662126FD84}.Release|x86.ActiveCfg = Release|Any CPU
		{61A53CA7-B988-4CCC-A51F-0D662126FD84}.Release|x86.Build.0 = Release|Any CPU
		{C8179789-36CF-477B-860B-43199EB7091B}.Debug|Any CPU.ActiveCfg = Debug|Any CPU
		{C8179789-36CF-477B-860B-43199EB7091B}.Debug|Any CPU.Build.0 = Debug|Any CPU
		{C8179789-36CF-477B-860B-43199EB7091B}.Debug|x64.ActiveCfg = Debug|Any CPU
		{C8179789-36CF-477B-860B-43199EB7091B}.Debug|x64.Build.0 = Debug|Any CPU
		{C8179789-36CF-477B-860B-43199EB7091B}.Debug|x86.ActiveCfg = Debug|Any CPU
		{C8179789-36CF-477B-860B-43199EB7091B}.Debug|x86.Build.0 = Debug|Any CPU
		{C8179789-36CF-477B-860B-43199EB7091B}.Release|Any CPU.ActiveCfg = Release|Any CPU
		{C8179789-36CF-477B-860B-43199EB7091B}.Release|Any CPU.Build.0 = Release|Any CPU
		{C8179789-36CF-477B-860B-43199EB7091B}.Release|x64.ActiveCfg = Release|Any CPU
		{C8179789-36CF-477B-860B-43199EB7091B}.Release|x64.Build.0 = Release|Any CPU
		{C8179789-36CF-477B-860B-43199EB7091B}.Release|x86.ActiveCfg = Release|Any CPU
		{C8179789-36CF-477B-860B-43199EB7091B}.Release|x86.Build.0 = Release|Any CPU
		{113BB6FC-DCEA-44CB-8282-1827C9250633}.Debug|Any CPU.ActiveCfg = Debug|Any CPU
		{113BB6FC-DCEA-44CB-8282-1827C9250633}.Debug|Any CPU.Build.0 = Debug|Any CPU
		{113BB6FC-DCEA-44CB-8282-1827C9250633}.Debug|x64.ActiveCfg = Debug|Any CPU
		{113BB6FC-DCEA-44CB-8282-1827C9250633}.Debug|x64.Build.0 = Debug|Any CPU
		{113BB6FC-DCEA-44CB-8282-1827C9250633}.Debug|x86.ActiveCfg = Debug|Any CPU
		{113BB6FC-DCEA-44CB-8282-1827C9250633}.Debug|x86.Build.0 = Debug|Any CPU
		{113BB6FC-DCEA-44CB-8282-1827C9250633}.Release|Any CPU.ActiveCfg = Release|Any CPU
		{113BB6FC-DCEA-44CB-8282-1827C9250633}.Release|Any CPU.Build.0 = Release|Any CPU
		{113BB6FC-DCEA-44CB-8282-1827C9250633}.Release|x64.ActiveCfg = Release|Any CPU
		{113BB6FC-DCEA-44CB-8282-1827C9250633}.Release|x64.Build.0 = Release|Any CPU
		{113BB6FC-DCEA-44CB-8282-1827C9250633}.Release|x86.ActiveCfg = Release|Any CPU
		{113BB6FC-DCEA-44CB-8282-1827C9250633}.Release|x86.Build.0 = Release|Any CPU
		{E852EA3B-C8D5-4856-9843-C4887AF95433}.Debug|Any CPU.ActiveCfg = Debug|Any CPU
		{E852EA3B-C8D5-4856-9843-C4887AF95433}.Debug|Any CPU.Build.0 = Debug|Any CPU
		{E852EA3B-C8D5-4856-9843-C4887AF95433}.Debug|x64.ActiveCfg = Debug|Any CPU
		{E852EA3B-C8D5-4856-9843-C4887AF95433}.Debug|x64.Build.0 = Debug|Any CPU
		{E852EA3B-C8D5-4856-9843-C4887AF95433}.Debug|x86.ActiveCfg = Debug|Any CPU
		{E852EA3B-C8D5-4856-9843-C4887AF95433}.Debug|x86.Build.0 = Debug|Any CPU
		{E852EA3B-C8D5-4856-9843-C4887AF95433}.Release|Any CPU.ActiveCfg = Release|Any CPU
		{E852EA3B-C8D5-4856-9843-C4887AF95433}.Release|Any CPU.Build.0 = Release|Any CPU
		{E852EA3B-C8D5-4856-9843-C4887AF95433}.Release|x64.ActiveCfg = Release|Any CPU
		{E852EA3B-C8D5-4856-9843-C4887AF95433}.Release|x64.Build.0 = Release|Any CPU
		{E852EA3B-C8D5-4856-9843-C4887AF95433}.Release|x86.ActiveCfg = Release|Any CPU
		{E852EA3B-C8D5-4856-9843-C4887AF95433}.Release|x86.Build.0 = Release|Any CPU
	EndGlobalSection
	GlobalSection(SolutionProperties) = preSolution
		HideSolutionNode = FALSE
	EndGlobalSection
	GlobalSection(NestedProjects) = preSolution
		{50B49C58-315C-44E9-AED8-8AC447AF268D} = {827E0CD3-B72D-47B6-A68D-7590B98EB39B}
		{61A53CA7-B988-4CCC-A51F-0D662126FD84} = {827E0CD3-B72D-47B6-A68D-7590B98EB39B}
		{C8179789-36CF-477B-860B-43199EB7091B} = {827E0CD3-B72D-47B6-A68D-7590B98EB39B}
		{113BB6FC-DCEA-44CB-8282-1827C9250633} = {827E0CD3-B72D-47B6-A68D-7590B98EB39B}
		{E852EA3B-C8D5-4856-9843-C4887AF95433} = {0AB3BF05-4346-4AA6-1389-037BE0695223}
	EndGlobalSection
EndGlobal
